Microsoft Visual Studio Solution File, Format Version 12.00
# Visual Studio Version 17
VisualStudioVersion = 17.5.2.0
MinimumVisualStudioVersion = 10.0.40219.1
Project("{2150E333-8FDC-42A3-9474-1A3956D46DE8}") = "src", "src", "{827E0CD3-B72D-47B6-A68D-7590B98EB39B}"
EndProject
Project("{2150E333-8FDC-42A3-9474-1A3956D46DE8}") = "csharp-chunker", "csharp-chunker", "{F57DF0DC-5430-2948-32AF-62027B7986DD}"
EndProject
Project("{FAE04EC0-301F-11D3-BF4B-00C04F79EFBC}") = "CSharpChunker", "src\csharp-chunker\CSharpChunker\CSharpChunker.csproj", "{062D5559-2DE3-2AB8-3FAD-B60BB9241879}"
EndProject
Global
	GlobalSection(SolutionConfigurationPlatforms) = preSolution
		Debug|Any CPU = Debug|Any CPU
		Release|Any CPU = Release|Any CPU
	EndGlobalSection
	GlobalSection(ProjectConfigurationPlatforms) = postSolution
		{062D5559-2DE3-2AB8-3FAD-B60BB9241879}.Debug|Any CPU.ActiveCfg = Debug|Any CPU
		{062D5559-2DE3-2AB8-3FAD-B60BB9241879}.Debug|Any CPU.Build.0 = Debug|Any CPU
		{062D5559-2DE3-2AB8-3FAD-B60BB9241879}.Release|Any CPU.ActiveCfg = Release|Any CPU
		{062D5559-2DE3-2AB8-3FAD-B60BB9241879}.Release|Any CPU.Build.0 = Release|Any CPU
	EndGlobalSection
	GlobalSection(SolutionProperties) = preSolution
		HideSolutionNode = FALSE
	EndGlobalSection
	GlobalSection(NestedProjects) = preSolution
		{F57DF0DC-5430-2948-32AF-62027B7986DD} = {827E0CD3-B72D-47B6-A68D-7590B98EB39B}
		{062D5559-2DE3-2AB8-3FAD-B60BB9241879} = {F57DF0DC-5430-2948-32AF-62027B7986DD}
	EndGlobalSection
	GlobalSection(ExtensibilityGlobals) = postSolution
		SolutionGuid = {8FDB85D1-76A6-48EA-9B42-8A404C6E2A5D}
	EndGlobalSection
EndGlobal
